
Microsoft Visual Studio Solution File, Format Version 12.00
# Visual Studio 2013
VisualStudioVersion = 12.0.31101.0
MinimumVisualStudioVersion = 10.0.40219.1
Project("{2150E333-8FDC-42A3-9474-1A3956D46DE8}") = "1 - SimpleExamples", "1 - SimpleExamples", "{687EBD2B-F357-43D5-B295-1A3F83D90AF9}"
EndProject
Project("{2150E333-8FDC-42A3-9474-1A3956D46DE8}") = "2 - Multi-project Examples", "2 - Multi-project Examples", "{AD6C5DFC-C5DE-495C-9BD2-4B7640C5A719}"
EndProject
Project("{2150E333-8FDC-42A3-9474-1A3956D46DE8}") = "2.1 - Client and Server", "2.1 - Client and Server", "{BA8C9772-5043-4E65-9624-3AA00DE2B17C}"
EndProject
Project("{2150E333-8FDC-42A3-9474-1A3956D46DE8}") = "9 - Common", "9 - Common", "{096922AC-01EA-4655-B5C8-73DF3E7966F8}"
EndProject
Project("{FAE04EC0-301F-11D3-BF4B-00C04F79EFBC}") = "RequestResponseLib", "RequestResponseLib\RequestResponseLib.csproj", "{42049DBB-F7E1-4FF1-ABA7-6D75D2DA1922}"
EndProject
Project("{FAE04EC0-301F-11D3-BF4B-00C04F79EFBC}") = "2_1_Client", "2_1_Client\2_1_Client.csproj", "{8ED69C82-B452-45F7-B942-FF2F9D668D9C}"
EndProject
Project("{FAE04EC0-301F-11D3-BF4B-00C04F79EFBC}") = "2_1_Server", "2_1_Server\2_1_Server.csproj", "{B19E7B40-4620-42B6-A9A4-6A19A174847C}"
EndProject
Project("{2150E333-8FDC-42A3-9474-1A3956D46DE8}") = "2_2 - Clients and Routed Servers", "2_2 - Clients and Routed Servers", "{B029D8EA-9F3E-4ECE-A3D0-6AEC353C2E51}"
EndProject
Project("{FAE04EC0-301F-11D3-BF4B-00C04F79EFBC}") = "2_2_Client", "2_2_Client\2_2_Client.csproj", "{794B2749-FA7E-4702-A325-A7DEB937938B}"
EndProject
Project("{FAE04EC0-301F-11D3-BF4B-00C04F79EFBC}") = "2_2_App1Server", "2_2_App1Server\2_2_App1Server.csproj", "{64F85B7C-690A-4F3E-8E7B-F1D8703B3E1A}"
EndProject
Project("{FAE04EC0-301F-11D3-BF4B-00C04F79EFBC}") = "2_2_App2Server", "2_2_App2Server\2_2_App2Server.csproj", "{EE5D6607-D13E-49A6-AF5D-95DA81A6ADCA}"
EndProject
Project("{FAE04EC0-301F-11D3-BF4B-00C04F79EFBC}") = "1_1_SimpleExample", "1_1_SimpleExample\1_1_SimpleExample.csproj", "{46734D0B-7CEE-4B7B-8EFE-5B03A8DA3FE1}"
EndProject
Project("{FAE04EC0-301F-11D3-BF4B-00C04F79EFBC}") = "1_2_MultipleHandlers", "1_2_MultipleHandlers\1_2_MultipleHandlers.csproj", "{5841A7BD-E306-4D23-BC5F-2DC434292588}"
EndProject
Global
	GlobalSection(SolutionConfigurationPlatforms) = preSolution
		Debug|Any CPU = Debug|Any CPU
		Release|Any CPU = Release|Any CPU
	EndGlobalSection
	GlobalSection(ProjectConfigurationPlatforms) = postSolution
		{42049DBB-F7E1-4FF1-ABA7-6D75D2DA1922}.Debug|Any CPU.ActiveCfg = Debug|Any CPU
		{42049DBB-F7E1-4FF1-ABA7-6D75D2DA1922}.Debug|Any CPU.Build.0 = Debug|Any CPU
		{42049DBB-F7E1-4FF1-ABA7-6D75D2DA1922}.Release|Any CPU.ActiveCfg = Release|Any CPU
		{42049DBB-F7E1-4FF1-ABA7-6D75D2DA1922}.Release|Any CPU.Build.0 = Release|Any CPU
		{8ED69C82-B452-45F7-B942-FF2F9D668D9C}.Debug|Any CPU.ActiveCfg = Debug|Any CPU
		{8ED69C82-B452-45F7-B942-FF2F9D668D9C}.Debug|Any CPU.Build.0 = Debug|Any CPU
		{8ED69C82-B452-45F7-B942-FF2F9D668D9C}.Release|Any CPU.ActiveCfg = Release|Any CPU
		{8ED69C82-B452-45F7-B942-FF2F9D668D9C}.Release|Any CPU.Build.0 = Release|Any CPU
		{B19E7B40-4620-42B6-A9A4-6A19A174847C}.Debug|Any CPU.ActiveCfg = Debug|Any CPU
		{B19E7B40-4620-42B6-A9A4-6A19A174847C}.Debug|Any CPU.Build.0 = Debug|Any CPU
		{B19E7B40-4620-42B6-A9A4-6A19A174847C}.Release|Any CPU.ActiveCfg = Release|Any CPU
		{B19E7B40-4620-42B6-A9A4-6A19A174847C}.Release|Any CPU.Build.0 = Release|Any CPU
		{794B2749-FA7E-4702-A325-A7DEB937938B}.Debug|Any CPU.ActiveCfg = Debug|Any CPU
		{794B2749-FA7E-4702-A325-A7DEB937938B}.Debug|Any CPU.Build.0 = Debug|Any CPU
		{794B2749-FA7E-4702-A325-A7DEB937938B}.Release|Any CPU.ActiveCfg = Release|Any CPU
		{794B2749-FA7E-4702-A325-A7DEB937938B}.Release|Any CPU.Build.0 = Release|Any CPU
		{64F85B7C-690A-4F3E-8E7B-F1D8703B3E1A}.Debug|Any CPU.ActiveCfg = Debug|Any CPU
		{64F85B7C-690A-4F3E-8E7B-F1D8703B3E1A}.Debug|Any CPU.Build.0 = Debug|Any CPU
		{64F85B7C-690A-4F3E-8E7B-F1D8703B3E1A}.Release|Any CPU.ActiveCfg = Release|Any CPU
		{64F85B7C-690A-4F3E-8E7B-F1D8703B3E1A}.Release|Any CPU.Build.0 = Release|Any CPU
		{EE5D6607-D13E-49A6-AF5D-95DA81A6ADCA}.Debug|Any CPU.ActiveCfg = Debug|Any CPU
		{EE5D6607-D13E-49A6-AF5D-95DA81A6ADCA}.Debug|Any CPU.Build.0 = Debug|Any CPU
		{EE5D6607-D13E-49A6-AF5D-95DA81A6ADCA}.Release|Any CPU.ActiveCfg = Release|Any CPU
		{EE5D6607-D13E-49A6-AF5D-95DA81A6ADCA}.Release|Any CPU.Build.0 = Release|Any CPU
		{46734D0B-7CEE-4B7B-8EFE-5B03A8DA3FE1}.Debug|Any CPU.ActiveCfg = Debug|Any CPU
		{46734D0B-7CEE-4B7B-8EFE-5B03A8DA3FE1}.Debug|Any CPU.Build.0 = Debug|Any CPU
		{46734D0B-7CEE-4B7B-8EFE-5B03A8DA3FE1}.Release|Any CPU.ActiveCfg = Release|Any CPU
		{46734D0B-7CEE-4B7B-8EFE-5B03A8DA3FE1}.Release|Any CPU.Build.0 = Release|Any CPU
		{5841A7BD-E306-4D23-BC5F-2DC434292588}.Debug|Any CPU.ActiveCfg = Debug|Any CPU
		{5841A7BD-E306-4D23-BC5F-2DC434292588}.Debug|Any CPU.Build.0 = Debug|Any CPU
		{5841A7BD-E306-4D23-BC5F-2DC434292588}.Release|Any CPU.ActiveCfg = Release|Any CPU
		{5841A7BD-E306-4D23-BC5F-2DC434292588}.Release|Any CPU.Build.0 = Release|Any CPU
	EndGlobalSection
	GlobalSection(SolutionProperties) = preSolution
		HideSolutionNode = FALSE
	EndGlobalSection
	GlobalSection(NestedProjects) = preSolution
		{BA8C9772-5043-4E65-9624-3AA00DE2B17C} = {AD6C5DFC-C5DE-495C-9BD2-4B7640C5A719}
		{42049DBB-F7E1-4FF1-ABA7-6D75D2DA1922} = {096922AC-01EA-4655-B5C8-73DF3E7966F8}
		{8ED69C82-B452-45F7-B942-FF2F9D668D9C} = {BA8C9772-5043-4E65-9624-3AA00DE2B17C}
		{B19E7B40-4620-42B6-A9A4-6A19A174847C} = {BA8C9772-5043-4E65-9624-3AA00DE2B17C}
		{B029D8EA-9F3E-4ECE-A3D0-6AEC353C2E51} = {AD6C5DFC-C5DE-495C-9BD2-4B7640C5A719}
		{794B2749-FA7E-4702-A325-A7DEB937938B} = {B029D8EA-9F3E-4ECE-A3D0-6AEC353C2E51}
		{64F85B7C-690A-4F3E-8E7B-F1D8703B3E1A} = {B029D8EA-9F3E-4ECE-A3D0-6AEC353C2E51}
		{EE5D6607-D13E-49A6-AF5D-95DA81A6ADCA} = {B029D8EA-9F3E-4ECE-A3D0-6AEC353C2E51}
		{46734D0B-7CEE-4B7B-8EFE-5B03A8DA3FE1} = {687EBD2B-F357-43D5-B295-1A3F83D90AF9}
		{5841A7BD-E306-4D23-BC5F-2DC434292588} = {687EBD2B-F357-43D5-B295-1A3F83D90AF9}
	EndGlobalSection
EndGlobal
